Microsoft Visual Studio Solution File, Format Version 12.00
# Visual Studio Version 17
VisualStudioVersion = 17.5.2.0
MinimumVisualStudioVersion = 10.0.40219.1
Project("{FAE04EC0-301F-11D3-BF4B-00C04F79EFBC}") = "piton_taskmanagement_api", "piton_taskmanagement_api.csproj", "{4BF43C06-B02C-2B0A-C487-BF69C64A476F}"
EndProject
Global
	GlobalSection(SolutionConfigurationPlatforms) = preSolution
		Debug|Any CPU = Debug|Any CPU
		Release|Any CPU = Release|Any CPU
	EndGlobalSection
	GlobalSection(ProjectConfigurationPlatforms) = postSolution
		{4BF43C06-B02C-2B0A-C487-BF69C64A476F}.Debug|Any CPU.ActiveCfg = Debug|Any CPU
		{4BF43C06-B02C-2B0A-C487-BF69C64A476F}.Debug|Any CPU.Build.0 = Debug|Any CPU
		{4BF43C06-B02C-2B0A-C487-BF69C64A476F}.Release|Any CPU.ActiveCfg = Release|Any CPU
		{4BF43C06-B02C-2B0A-C487-BF69C64A476F}.Release|Any CPU.Build.0 = Release|Any CPU
	EndGlobalSection
	GlobalSection(SolutionProperties) = preSolution
		HideSolutionNode = FALSE
	EndGlobalSection
	GlobalSection(ExtensibilityGlobals) = postSolution
		SolutionGuid = {21122FAA-A186-4C0A-A3F2-A4B5318B3DD5}
	EndGlobalSection
EndGlobal
